// !$*UTF8*$!
{
	archiveVersion = 1;
	classes = {
	};
	objectVersion = 56;
	objects = {

/* Begin PBXBuildFile section */
		F052371C299C0E5B00D87646 /* TesteDriveApp.swift in Sources */ = {isa = PBXBuildFile; fileRef = F052371B299C0E5B00D87646 /* TesteDriveApp.swift */; };
		F052371E299C0E5B00D87646 /* ContentView.swift in Sources */ = {isa = PBXBuildFile; fileRef = F052371D299C0E5B00D87646 /* ContentView.swift */; };
		F0523720299C0E5C00D87646 /* Assets.xcassets in Resources */ = {isa = PBXBuildFile; fileRef = F052371F299C0E5C00D87646 /* Assets.xcassets */; };
		F0523723299C0E5C00D87646 /* Preview Assets.xcassets in Resources */ = {isa = PBXBuildFile; fileRef = F0523722299C0E5C00D87646 /* Preview Assets.xcassets */; };
		F052372D299C0E5D00D87646 /* TesteDriveTests.swift in Sources */ = {isa = PBXBuildFile; fileRef = F052372C299C0E5D00D87646 /* TesteDriveTests.swift */; };
		F0523737299C0E5D00D87646 /* TesteDriveUITests.swift in Sources */ = {isa = PBXBuildFile; fileRef = F0523736299C0E5D00D87646 /* TesteDriveUITests.swift */; };
		F0523739299C0E5D00D87646 /* TesteDriveUITestsLaunchTests.swift in Sources */ = {isa = PBXBuildFile; fileRef = F0523738299C0E5D00D87646 /* TesteDriveUITestsLaunchTests.swift */; };
/* End PBXBuildFile section */

/* Begin PBXContainerItemProxy section */
		F0523729299C0E5D00D87646 /* PBXContainerItemProxy */ = {
			isa = PBXContainerItemProxy;
			containerPortal = F0523710299C0E5B00D87646 /* Project object */;
			proxyType = 1;
			remoteGlobalIDString = F0523717299C0E5B00D87646;
			remoteInfo = TesteDrive;
		};
		F0523733299C0E5D00D87646 /* PBXContainerItemProxy */ = {
			isa = PBXContainerItemProxy;
			containerPortal = F0523710299C0E5B00D87646 /* Project object */;
			proxyType = 1;
			remoteGlobalIDString = F0523717299C0E5B00D87646;
			remoteInfo = TesteDrive;
		};
/* End PBXContainerItemProxy section */

/* Begin PBXFileReference section */
		F0523718299C0E5B00D87646 /* TesteDrive.app */ = {isa = PBXFileReference; explicitFileType = wrapper.application; includeInIndex = 0; path = TesteDrive.app; sourceTree = BUILT_PRODUCTS_DIR; };
		F052371B299C0E5B00D87646 /* TesteDriveApp.swift */ = {isa = PBXFileReference; lastKnownFileType = sourcecode.swift; path = TesteDriveApp.swift; sourceTree = "<group>"; };
		F052371D299C0E5B00D87646 /* ContentView.swift */ = {isa = PBXFileReference; lastKnownFileType = sourcecode.swift; path = ContentView.swift; sourceTree = "<group>"; };
		F052371F299C0E5C00D87646 /* Assets.xcassets */ = {isa = PBXFileReference; lastKnownFileType = folder.assetcatalog; path = Assets.xcassets; sourceTree = "<group>"; };
		F0523722299C0E5C00D87646 /* Preview Assets.xcassets */ = {isa = PBXFileReference; lastKnownFileType = folder.assetcatalog; path = "Preview Assets.xcassets"; sourceTree = "<group>"; };
		F0523728299C0E5D00D87646 /* TesteDriveTests.xctest */ = {isa = PBXFileReference; explicitFileType = wrapper.cfbundle; includeInIndex = 0; path = TesteDriveTests.xctest; sourceTree = BUILT_PRODUCTS_DIR; };
		F052372C299C0E5D00D87646 /* TesteDriveTests.swift */ = {isa = PBXFileReference; lastKnownFileType = sourcecode.swift; path = TesteDriveTests.swift; sourceTree = "<group>"; };
		F0523732299C0E5D00D87646 /* TesteDriveUITests.xctest */ = {isa = PBXFileReference; explicitFileType = wrapper.cfbundle; includeInIndex = 0; path = TesteDriveUITests.xctest; sourceTree = BUILT_PRODUCTS_DIR; };
		F0523736299C0E5D00D87646 /* TesteDriveUITests.swift */ = {isa = PBXFileReference; lastKnownFileType = sourcecode.swift; path = TesteDriveUITests.swift; sourceTree = "<group>"; };
		F0523738299C0E5D00D87646 /* TesteDriveUITestsLaunchTests.swift */ = {isa = PBXFileReference; lastKnownFileType = sourcecode.swift; path = TesteDriveUITestsLaunchTests.swift; sourceTree = "<group>"; };
/* End PBXFileReference section */

/* Begin PBXFrameworksBuildPhase section */
		F0523715299C0E5B00D87646 /* Frameworks */ = {
			isa = PBXFrameworksBuildPhase;
			buildActionMask = 2147483647;
			files = (
			);
			runOnlyForDeploymentPostprocessing = 0;
		};
		F0523725299C0E5D00D87646 /* Frameworks */ = {
			isa = PBXFrameworksBuildPhase;
			buildActionMask = 2147483647;
			files = (
			);
			runOnlyForDeploymentPostprocessing = 0;
		};
		F052372F299C0E5D00D87646 /* Frameworks */ = {
			isa = PBXFrameworksBuildPhase;
			buildActionMask = 2147483647;
			files = (
			);
			runOnlyForDeploymentPostprocessing = 0;
		};
/* End PBXFrameworksBuildPhase section */

/* Begin PBXGroup section */
		F052370F299C0E5B00D87646 = {
			isa = PBXGroup;
			children = (
				F052371A299C0E5B00D87646 /* TesteDrive */,
				F052372B299C0E5D00D87646 /* TesteDriveTests */,
				F0523735299C0E5D00D87646 /* TesteDriveUITests */,
				F0523719299C0E5B00D87646 /* Products */,
			);
			sourceTree = "<group>";
		};
		F0523719299C0E5B00D87646 /* Products */ = {
			isa = PBXGroup;
			children = (
				F0523718299C0E5B00D87646 /* TesteDrive.app */,
				F0523728299C0E5D00D87646 /* TesteDriveTests.xctest */,
				F0523732299C0E5D00D87646 /* TesteDriveUITests.xctest */,
			);
			name = Products;
			sourceTree = "<group>";
		};
		F052371A299C0E5B00D87646 /* TesteDrive */ = {
			isa = PBXGroup;
			children = (
				F052371B299C0E5B00D87646 /* TesteDriveApp.swift */,
				F052371D299C0E5B00D87646 /* ContentView.swift */,
				F052371F299C0E5C00D87646 /* Assets.xcassets */,
				F0523721299C0E5C00D87646 /* Preview Content */,
			);
			path = TesteDrive;
			sourceTree = "<group>";
		};
		F0523721299C0E5C00D87646 /* Preview Content */ = {
			isa = PBXGroup;
			children = (
				F0523722299C0E5C00D87646 /* Preview Assets.xcassets */,
			);
			path = "Preview Content";
			sourceTree = "<group>";
		};
		F052372B299C0E5D00D87646 /* TesteDriveTests */ = {
			isa = PBXGroup;
			children = (
				F052372C299C0E5D00D87646 /* TesteDriveTests.swift */,
			);
			path = TesteDriveTests;
			sourceTree = "<group>";
		};
		F0523735299C0E5D00D87646 /* TesteDriveUITests */ = {
			isa = PBXGroup;
			children = (
				F0523736299C0E5D00D87646 /* TesteDriveUITests.swift */,
				F0523738299C0E5D00D87646 /* TesteDriveUITestsLaunchTests.swift */,
			);
			path = TesteDriveUITests;
			sourceTree = "<group>";
		};
/* End PBXGroup section */

/* Begin PBXNativeTarget section */
		F0523717299C0E5B00D87646 /* TesteDrive */ = {
			isa = PBXNativeTarget;
			buildConfigurationList = F052373C299C0E5D00D87646 /* Build configuration list for PBXNativeTarget "TesteDrive" */;
			buildPhases = (
				F0523714299C0E5B00D87646 /* Sources */,
				F0523715299C0E5B00D87646 /* Frameworks */,
				F0523716299C0E5B00D87646 /* Resources */,
			);
			buildRules = (
			);
			dependencies = (
			);
			name = TesteDrive;
			productName = TesteDrive;
			productReference = F0523718299C0E5B00D87646 /* TesteDrive.app */;
			productType = "com.apple.product-type.application";
		};
		F0523727299C0E5D00D87646 /* TesteDriveTests */ = {
			isa = PBXNativeTarget;
			buildConfigurationList = F052373F299C0E5D00D87646 /* Build configuration list for PBXNativeTarget "TesteDriveTests" */;
			buildPhases = (
				F0523724299C0E5D00D87646 /* Sources */,
				F0523725299C0E5D00D87646 /* Frameworks */,
				F0523726299C0E5D00D87646 /* Resources */,
			);
			buildRules = (
			);
			dependencies = (
				F052372A299C0E5D00D87646 /* PBXTargetDependency */,
			);
			name = TesteDriveTests;
			productName = TesteDriveTests;
			productReference = F0523728299C0E5D00D87646 /* TesteDriveTests.xctest */;
			productType = "com.apple.product-type.bundle.unit-test";
		};
		F0523731299C0E5D00D87646 /* TesteDriveUITests */ = {
			isa = PBXNativeTarget;
			buildConfigurationList = F0523742299C0E5D00D87646 /* Build configuration list for PBXNativeTarget "TesteDriveUITests" */;
			buildPhases = (
				F052372E299C0E5D00D87646 /* Sources */,
				F052372F299C0E5D00D87646 /* Frameworks */,
				F0523730299C0E5D00D87646 /* Resources */,
			);
			buildRules = (
			);
			dependencies = (
				F0523734299C0E5D00D87646 /* PBXTargetDependency */,
			);
			name = TesteDriveUITests;
			productName = TesteDriveUITests;
			productReference = F0523732299C0E5D00D87646 /* TesteDriveUITests.xctest */;
			productType = "com.apple.product-type.bundle.ui-testing";
		};
/* End PBXNativeTarget section */

/* Begin PBXProject section */
		F0523710299C0E5B00D87646 /* Project object */ = {
			isa = PBXProject;
			attributes = {
				BuildIndependentTargetsInParallel = 1;
				LastSwiftUpdateCheck = 1400;
				LastUpgradeCheck = 1400;
				TargetAttributes = {
					F0523717299C0E5B00D87646 = {
						CreatedOnToolsVersion = 14.0;
					};
					F0523727299C0E5D00D87646 = {
						CreatedOnToolsVersion = 14.0;
						TestTargetID = F0523717299C0E5B00D87646;
					};
					F0523731299C0E5D00D87646 = {
						CreatedOnToolsVersion = 14.0;
						TestTargetID = F0523717299C0E5B00D87646;
					};
				};
			};
			buildConfigurationList = F0523713299C0E5B00D87646 /* Build configuration list for PBXProject "TesteDrive" */;
			compatibilityVersion = "Xcode 14.0";
			developmentRegion = en;
			hasScannedForEncodings = 0;
			knownRegions = (
				en,
				Base,
			);
			mainGroup = F052370F299C0E5B00D87646;
			productRefGroup = F0523719299C0E5B00D87646 /* Products */;
			projectDirPath = "";
			projectRoot = "";
			targets = (
				F0523717299C0E5B00D87646 /* TesteDrive */,
				F0523727299C0E5D00D87646 /* TesteDriveTests */,
				F0523731299C0E5D00D87646 /* TesteDriveUITests */,
			);
		};
/* End PBXProject section */

/* Begin PBXResourcesBuildPhase section */
		F0523716299C0E5B00D87646 /* Resources */ = {
			isa = PBXResourcesBuildPhase;
			buildActionMask = 2147483647;
			files = (
				F0523723299C0E5C00D87646 /* Preview Assets.xcassets in Resources */,
				F0523720299C0E5C00D87646 /* Assets.xcassets in Resources */,
			);
			runOnlyForDeploymentPostprocessing = 0;
		};
		F0523726299C0E5D00D87646 /* Resources */ = {
			isa = PBXResourcesBuildPhase;
			buildActionMask = 2147483647;
			files = (
			);
			runOnlyForDeploymentPostprocessing = 0;
		};
		F0523730299C0E5D00D87646 /* Resources */ = {
			isa = PBXResourcesBuildPhase;
			buildActionMask = 2147483647;
			files = (
			);
			runOnlyForDeploymentPostprocessing = 0;
		};
/* End PBXResourcesBuildPhase section */

/* Begin PBXSourcesBuildPhase section */
		F0523714299C0E5B00D87646 /* Sources */ = {
			isa = PBXSourcesBuildPhase;
			buildActionMask = 2147483647;
			files = (
				F052371E299C0E5B00D87646 /* ContentView.swift in Sources */,
				F052371C299C0E5B00D87646 /* TesteDriveApp.swift in Sources */,
			);
			runOnlyForDeploymentPostprocessing = 0;
		};
		F0523724299C0E5D00D87646 /* Sources */ = {
			isa = PBXSourcesBuildPhase;
			buildActionMask = 2147483647;
			files = (
				F052372D299C0E5D00D87646 /* TesteDriveTests.swift in Sources */,
			);
			runOnlyForDeploymentPostprocessing = 0;
		};
		F052372E299C0E5D00D87646 /* Sources */ = {
			isa = PBXSourcesBuildPhase;
			buildActionMask = 2147483647;
			files = (
				F0523737299C0E5D00D87646 /* TesteDriveUITests.swift in Sources */,
				F0523739299C0E5D00D87646 /* TesteDriveUITestsLaunchTests.swift in Sources */,
			);
			runOnlyForDeploymentPostprocessing = 0;
		};
/* End PBXSourcesBuildPhase section */

/* Begin PBXTargetDependency section */
		F052372A299C0E5D00D87646 /* PBXTargetDependency */ = {
			isa = PBXTargetDependency;
			target = F0523717299C0E5B00D87646 /* TesteDrive */;
			targetProxy = F0523729299C0E5D00D87646 /* PBXContainerItemProxy */;
		};
		F0523734299C0E5D00D87646 /* PBXTargetDependency */ = {
			isa = PBXTargetDependency;
			target = F0523717299C0E5B00D87646 /* TesteDrive */;
			targetProxy = F0523733299C0E5D00D87646 /* PBXContainerItemProxy */;
		};
/* End PBXTargetDependency section */

/* Begin XCBuildConfiguration section */
		F052373A299C0E5D00D87646 /* Debug */ = {
			isa = XCBuildConfiguration;
			buildSettings = {
				ALWAYS_SEARCH_USER_PATHS = NO;
				CLANG_ANALYZER_NONNULL = YES;
				CLANG_ANALYZER_NUMBER_OBJECT_CONVERSION = YES_AGGRESSIVE;
				CLANG_CXX_LANGUAGE_STANDARD = "gnu++20";
				CLANG_ENABLE_MODULES = YES;
				CLANG_ENABLE_OBJC_ARC = YES;
				CLANG_ENABLE_OBJC_WEAK = YES;
				CLANG_WARN_BLOCK_CAPTURE_AUTORELEASING = YES;
				CLANG_WARN_BOOL_CONVERSION = YES;
				CLANG_WARN_COMMA = YES;
				CLANG_WARN_CONSTANT_CONVERSION = YES;
				CLANG_WARN_DEPRECATED_OBJC_IMPLEMENTATIONS = YES;
				CLANG_WARN_DIRECT_OBJC_ISA_USAGE = YES_ERROR;
				CLANG_WARN_DOCUMENTATION_COMMENTS = YES;
				CLANG_WARN_EMPTY_BODY = YES;
				CLANG_WARN_ENUM_CONVERSION = YES;
				CLANG_WARN_INFINITE_RECURSION = YES;
				CLANG_WARN_INT_CONVERSION = YES;
				CLANG_WARN_NON_LITERAL_NULL_CONVERSION = YES;
				CLANG_WARN_OBJC_IMPLICIT_RETAIN_SELF = YES;
				CLANG_WARN_OBJC_LITERAL_CONVERSION = YES;
				CLANG_WARN_OBJC_ROOT_CLASS = YES_ERROR;
				CLANG_WARN_QUOTED_INCLUDE_IN_FRAMEWORK_HEADER = YES;
				CLANG_WARN_RANGE_LOOP_ANALYSIS = YES;
				CLANG_WARN_STRICT_PROTOTYPES = YES;
				CLANG_WARN_SUSPICIOUS_MOVE = YES;
				CLANG_WARN_UNGUARDED_AVAILABILITY = YES_AGGRESSIVE;
				CLANG_WARN_UNREACHABLE_CODE = YES;
				CLANG_WARN__DUPLICATE_METHOD_MATCH = YES;
				COPY_PHASE_STRIP = NO;
				DEBUG_INFORMATION_FORMAT = dwarf;
				ENABLE_STRICT_OBJC_MSGSEND = YES;
				ENABLE_TESTABILITY = YES;
				GCC_C_LANGUAGE_STANDARD = gnu11;
				GCC_DYNAMIC_NO_PIC = NO;
				GCC_NO_COMMON_BLOCKS = YES;
				GCC_OPTIMIZATION_LEVEL = 0;
				GCC_PREPROCESSOR_DEFINITIONS = (
					"DEBUG=1",
					"$(inherited)",
				);
				GCC_WARN_64_TO_32_BIT_CONVERSION = YES;
				GCC_WARN_ABOUT_RETURN_TYPE = YES_ERROR;
				GCC_WARN_UNDECLARED_SELECTOR = YES;
				GCC_WARN_UNINITIALIZED_AUTOS = YES_AGGRESSIVE;
				GCC_WARN_UNUSED_FUNCTION = YES;
				GCC_WARN_UNUSED_VARIABLE = YES;
				IPHONEOS_DEPLOYMENT_TARGET = 16.0;
				MTL_ENABLE_DEBUG_INFO = INCLUDE_SOURCE;
				MTL_FAST_MATH = YES;
				ONLY_ACTIVE_ARCH = YES;
				SDKROOT = iphoneos;
				SWIFT_ACTIVE_COMPILATION_CONDITIONS = DEBUG;
				SWIFT_OPTIMIZATION_LEVEL = "-Onone";
			};
			name = Debug;
		};
		F052373B299C0E5D00D87646 /* Release */ = {
			isa = XCBuildConfiguration;
			buildSettings = {
				ALWAYS_SEARCH_USER_PATHS = NO;
				CLANG_ANALYZER_NONNULL = YES;
				CLANG_ANALYZER_NUMBER_OBJECT_CONVERSION = YES_AGGRESSIVE;
				CLANG_CXX_LANGUAGE_STANDARD = "gnu++20";
				CLANG_ENABLE_MODULES = YES;
				CLANG_ENABLE_OBJC_ARC = YES;
				CLANG_ENABLE_OBJC_WEAK = YES;
				CLANG_WARN_BLOCK_CAPTURE_AUTORELEASING = YES;
				CLANG_WARN_BOOL_CONVERSION = YES;
				CLANG_WARN_COMMA = YES;
				CLANG_WARN_CONSTANT_CONVERSION = YES;
				CLANG_WARN_DEPRECATED_OBJC_IMPLEMENTATIONS = YES;
				CLANG_WARN_DIRECT_OBJC_ISA_USAGE = YES_ERROR;
				CLANG_WARN_DOCUMENTATION_COMMENTS = YES;
				CLANG_WARN_EMPTY_BODY = YES;
				CLANG_WARN_ENUM_CONVERSION = YES;
				CLANG_WARN_INFINITE_RECURSION = YES;
				CLANG_WARN_INT_CONVERSION = YES;
				CLANG_WARN_NON_LITERAL_NULL_CONVERSION = YES;
				CLANG_WARN_OBJC_IMPLICIT_RETAIN_SELF = YES;
				CLANG_WARN_OBJC_LITERAL_CONVERSION = YES;
				CLANG_WARN_OBJC_ROOT_CLASS = YES_ERROR;
				CLANG_WARN_QUOTED_INCLUDE_IN_FRAMEWORK_HEADER = YES;
				CLANG_WARN_RANGE_LOOP_ANALYSIS = YES;
				CLANG_WARN_STRICT_PROTOTYPES = YES;
				CLANG_WARN_SUSPICIOUS_MOVE = YES;
				CLANG_WARN_UNGUARDED_AVAILABILITY = YES_AGGRESSIVE;
				CLANG_WARN_UNREACHABLE_CODE = YES;
				CLANG_WARN__DUPLICATE_METHOD_MATCH = YES;
				COPY_PHASE_STRIP = NO;
				DEBUG_INFORMATION_FORMAT = "dwarf-with-dsym";
				ENABLE_NS_ASSERTIONS = NO;
				ENABLE_STRICT_OBJC_MSGSEND = YES;
				GCC_C_LANGUAGE_STANDARD = gnu11;
				GCC_NO_COMMON_BLOCKS = YES;
				GCC_WARN_64_TO_32_BIT_CONVERSION = YES;
				GCC_WARN_ABOUT_RETURN_TYPE = YES_ERROR;
				GCC_WARN_UNDECLARED_SELECTOR = YES;
				GCC_WARN_UNINITIALIZED_AUTOS = YES_AGGRESSIVE;
				GCC_WARN_UNUSED_FUNCTION = YES;
				GCC_WARN_UNUSED_VARIABLE = YES;
				IPHONEOS_DEPLOYMENT_TARGET = 16.0;
				MTL_ENABLE_DEBUG_INFO = NO;
				MTL_FAST_MATH = YES;
				SDKROOT = iphoneos;
				SWIFT_COMPILATION_MODE = wholemodule;
				SWIFT_OPTIMIZATION_LEVEL = "-O";
				VALIDATE_PRODUCT = YES;
			};
			name = Release;
		};
		F052373D299C0E5D00D87646 /* Debug */ = {
			isa = XCBuildConfiguration;
			buildSettings = {
				ASSETCATALOG_COMPILER_APPICON_NAME = AppIcon;
				ASSETCATALOG_COMPILER_GLOBAL_ACCENT_COLOR_NAME = AccentColor;
				CODE_SIGN_STYLE = Automatic;
				CURRENT_PROJECT_VERSION = 1;
				DEVELOPMENT_ASSET_PATHS = "\"TesteDrive/Preview Content\"";
				DEVELOPMENT_TEAM = 3HU47H6VXG;
				ENABLE_PREVIEWS = YES;
				GENERATE_INFOPLIST_FILE = YES;
				INFOPLIST_KEY_UIApplicationSceneManifest_Generation = YES;
				INFOPLIST_KEY_UIApplicationSupportsIndirectInputEvents = YES;
				INFOPLIST_KEY_UILaunchScreen_Generation = YES;
				INFOPLIST_KEY_UISupportedInterfaceOrientations_iPad = "UIInterfaceOrientationPortrait UIInterfaceOrientationPortraitUpsideDown UIInterfaceOrientationLandscapeLeft UIInterfaceOrientationLandscapeRight";
				INFOPLIST_KEY_UISupportedInterfaceOrientations_iPhone = "UIInterfaceOrientationPortrait UIInterfaceOrientationLandscapeLeft UIInterfaceOrientationLandscapeRight";
				LD_RUNPATH_SEARCH_PATHS = (
					"$(inherited)",
					"@executable_path/Frameworks",
				);
				MARKETING_VERSION = 1.0;
				PRODUCT_BUNDLE_IDENTIFIER = Lucas.TesteDrive;
				PRODUCT_NAME = "$(TARGET_NAME)";
				SWIFT_EMIT_LOC_STRINGS = YES;
				SWIFT_VERSION = 5.0;
				TARGETED_DEVICE_FAMILY = "1,2";
			};
			name = Debug;
		};
		F052373E299C0E5D00D87646 /* Release */ = {
			isa = XCBuildConfiguration;
			buildSettings = {
				ASSETCATALOG_COMPILER_APPICON_NAME = AppIcon;
				ASSETCATALOG_COMPILER_GLOBAL_ACCENT_COLOR_NAME = AccentColor;
				CODE_SIGN_STYLE = Automatic;
				CURRENT_PROJECT_VERSION = 1;
				DEVELOPMENT_ASSET_PATHS = "\"TesteDrive/Preview Content\"";
				DEVELOPMENT_TEAM = 3HU47H6VXG;
				ENABLE_PREVIEWS = YES;
				GENERATE_INFOPLIST_FILE = YES;
				INFOPLIST_KEY_UIApplicationSceneManifest_Generation = YES;
				INFOPLIST_KEY_UIApplicationSupportsIndirectInputEvents = YES;
				INFOPLIST_KEY_UILaunchScreen_Generation = YES;
				INFOPLIST_KEY_UISupportedInterfaceOrientations_iPad = "UIInterfaceOrientationPortrait UIInterfaceOrientationPortraitUpsideDown UIInterfaceOrientationLandscapeLeft UIInterfaceOrientationLandscapeRight";
				INFOPLIST_KEY_UISupportedInterfaceOrientations_iPhone = "UIInterfaceOrientationPortrait UIInterfaceOrientationLandscapeLeft UIInterfaceOrientationLandscapeRight";
				LD_RUNPATH_SEARCH_PATHS = (
					"$(inherited)",
					"@executable_path/Frameworks",
				);
				MARKETING_VERSION = 1.0;
				PRODUCT_BUNDLE_IDENTIFIER = Lucas.TesteDrive;
				PRODUCT_NAME = "$(TARGET_NAME)";
				SWIFT_EMIT_LOC_STRINGS = YES;
				SWIFT_VERSION = 5.0;
				TARGETED_DEVICE_FAMILY = "1,2";
			};
			name = Release;
		};
		F0523740299C0E5D00D87646 /* Debug */ = {
			isa = XCBuildConfiguration;
			buildSettings = {
				ALWAYS_EMBED_SWIFT_STANDARD_LIBRARIES = YES;
				BUNDLE_LOADER = "$(TEST_HOST)";
				CODE_SIGN_STYLE = Automatic;
				CURRENT_PROJECT_VERSION = 1;
				GENERATE_INFOPLIST_FILE = YES;
				IPHONEOS_DEPLOYMENT_TARGET = 16.0;
				MARKETING_VERSION = 1.0;
				PRODUCT_BUNDLE_IDENTIFIER = Lucas.TesteDriveTests;
				PRODUCT_NAME = "$(TARGET_NAME)";
				SWIFT_EMIT_LOC_STRINGS = NO;
				SWIFT_VERSION = 5.0;
				TARGETED_DEVICE_FAMILY = "1,2";
				TEST_HOST = "$(BUILT_PRODUCTS_DIR)/TesteDrive.app/$(BUNDLE_EXECUTABLE_FOLDER_PATH)/TesteDrive";
			};
			name = Debug;
		};
		F0523741299C0E5D00D87646 /* Release */ = {
			isa = XCBuildConfiguration;
			buildSettings = {
				ALWAYS_EMBED_SWIFT_STANDARD_LIBRARIES = YES;
				BUNDLE_LOADER = "$(TEST_HOST)";
				CODE_SIGN_STYLE = Automatic;
				CURRENT_PROJECT_VERSION = 1;
				GENERATE_INFOPLIST_FILE = YES;
				IPHONEOS_DEPLOYMENT_TARGET = 16.0;
				MARKETING_VERSION = 1.0;
				PRODUCT_BUNDLE_IDENTIFIER = Lucas.TesteDriveTests;
				PRODUCT_NAME = "$(TARGET_NAME)";
				SWIFT_EMIT_LOC_STRINGS = NO;
				SWIFT_VERSION = 5.0;
				TARGETED_DEVICE_FAMILY = "1,2";
				TEST_HOST = "$(BUILT_PRODUCTS_DIR)/TesteDrive.app/$(BUNDLE_EXECUTABLE_FOLDER_PATH)/TesteDrive";
			};
			name = Release;
		};
		F0523743299C0E5D00D87646 /* Debug */ = {
			isa = XCBuildConfiguration;
			buildSettings = {
				ALWAYS_EMBED_SWIFT_STANDARD_LIBRARIES = YES;
				CODE_SIGN_STYLE = Automatic;
				CURRENT_PROJECT_VERSION = 1;
				GENERATE_INFOPLIST_FILE = YES;
				MARKETING_VERSION = 1.0;
				PRODUCT_BUNDLE_IDENTIFIER = Lucas.TesteDriveUITests;
				PRODUCT_NAME = "$(TARGET_NAME)";
				SWIFT_EMIT_LOC_STRINGS = NO;
				SWIFT_VERSION = 5.0;
				TARGETED_DEVICE_FAMILY = "1,2";
				TEST_TARGET_NAME = TesteDrive;
			};
			name = Debug;
		};
		F0523744299C0E5D00D87646 /* Release */ = {
			isa = XCBuildConfiguration;
			buildSettings = {
				ALWAYS_EMBED_SWIFT_STANDARD_LIBRARIES = YES;
				CODE_SIGN_STYLE = Automatic;
				CURRENT_PROJECT_VERSION = 1;
				GENERATE_INFOPLIST_FILE = YES;
				MARKETING_VERSION = 1.0;
				PRODUCT_BUNDLE_IDENTIFIER = Lucas.TesteDriveUITests;
				PRODUCT_NAME = "$(TARGET_NAME)";
				SWIFT_EMIT_LOC_STRINGS = NO;
				SWIFT_VERSION = 5.0;
				TARGETED_DEVICE_FAMILY = "1,2";
				TEST_TARGET_NAME = TesteDrive;
			};
			name = Release;
		};
/* End XCBuildConfiguration section */

/* Begin XCConfigurationList section */
		F0523713299C0E5B00D87646 /* Build configuration list for PBXProject "TesteDrive" */ = {
			isa = XCConfigurationList;
			buildConfigurations = (
				F052373A299C0E5D00D87646 /* Debug */,
				F052373B299C0E5D00D87646 /* Release */,
			);
			defaultConfigurationIsVisible = 0;
			defaultConfigurationName = Release;
		};
		F052373C299C0E5D00D87646 /* Build configuration list for PBXNativeTarget "TesteDrive" */ = {
			isa = XCConfigurationList;
			buildConfigurations = (
				F052373D299C0E5D00D87646 /* Debug */,
				F052373E299C0E5D00D87646 /* Release */,
			);
			defaultConfigurationIsVisible = 0;
			defaultConfigurationName = Release;
		};
		F052373F299C0E5D00D87646 /* Build configuration list for PBXNativeTarget "TesteDriveTests" */ = {
			isa = XCConfigurationList;
			buildConfigurations = (
				F0523740299C0E5D00D87646 /* Debug */,
				F0523741299C0E5D00D87646 /* Release */,
			);
			defaultConfigurationIsVisible = 0;
			defaultConfigurationName = Release;
		};
		F0523742299C0E5D00D87646 /* Build configuration list for PBXNativeTarget "TesteDriveUITests" */ = {
			isa = XCConfigurationList;
			buildConfigurations = (
				F0523743299C0E5D00D87646 /* Debug */,
				F0523744299C0E5D00D87646 /* Release */,
			);
			defaultConfigurationIsVisible = 0;
			defaultConfigurationName = Release;
		};
/* End XCConfigurationList section */
	};
	rootObject = F0523710299C0E5B00D87646 /* Project object */;
}
